// !$*UTF8*$!
{
	archiveVersion = 1;
	classes = {
	};
	objectVersion = 55;
	objects = {

/* Begin PBXBuildFile section */
		274FF30E273C942700D8AC2A /* ActivityView.swift in Sources */ = {isa = PBXBuildFile; fileRef = 274FF30D273C942600D8AC2A /* ActivityView.swift */; };
		274FF310273CB34C00D8AC2A /* AuthenticationView.swift in Sources */ = {isa = PBXBuildFile; fileRef = 274FF30F273CB34C00D8AC2A /* AuthenticationView.swift */; };
		274FF312273CB49100D8AC2A /* AuthorizationType.swift in Sources */ = {isa = PBXBuildFile; fileRef = 274FF311273CB49100D8AC2A /* AuthorizationType.swift */; };
		274FF314273CB64F00D8AC2A /* BasicAuthenticationView.swift in Sources */ = {isa = PBXBuildFile; fileRef = 274FF313273CB64F00D8AC2A /* BasicAuthenticationView.swift */; };
		274FF316273CB8BE00D8AC2A /* RequestAuthentication.swift in Sources */ = {isa = PBXBuildFile; fileRef = 274FF315273CB8BE00D8AC2A /* RequestAuthentication.swift */; };
		274FF318273CC6D600D8AC2A /* README.md in Resources */ = {isa = PBXBuildFile; fileRef = 274FF317273CC6D600D8AC2A /* README.md */; };
		274FF31D273D8A6A00D8AC2A /* SecureField.swift in Sources */ = {isa = PBXBuildFile; fileRef = 274FF31C273D8A6A00D8AC2A /* SecureField.swift */; };
		274FF31F273D8AA400D8AC2A /* TextField.swift in Sources */ = {isa = PBXBuildFile; fileRef = 274FF31E273D8AA400D8AC2A /* TextField.swift */; };
		274FF321273DC41500D8AC2A /* OAuth2AuthenticationView.swift in Sources */ = {isa = PBXBuildFile; fileRef = 274FF320273DC41500D8AC2A /* OAuth2AuthenticationView.swift */; };
		274FF323273DEC8C00D8AC2A /* ResponseErrorView.swift in Sources */ = {isa = PBXBuildFile; fileRef = 274FF322273DEC8C00D8AC2A /* ResponseErrorView.swift */; };
		274FF325273DEE0100D8AC2A /* String.swift in Sources */ = {isa = PBXBuildFile; fileRef = 274FF324273DEE0100D8AC2A /* String.swift */; };
		274FF329273EEDD700D8AC2A /* SplashView.swift in Sources */ = {isa = PBXBuildFile; fileRef = 274FF328273EEDD700D8AC2A /* SplashView.swift */; };
		274FF32B273F062C00D8AC2A /* PostmanV21DataManager.swift in Sources */ = {isa = PBXBuildFile; fileRef = 274FF32A273F062C00D8AC2A /* PostmanV21DataManager.swift */; };
		274FF32D273F064C00D8AC2A /* DataManager.swift in Sources */ = {isa = PBXBuildFile; fileRef = 274FF32C273F064C00D8AC2A /* DataManager.swift */; };
		274FF32F274037BA00D8AC2A /* AppError.swift in Sources */ = {isa = PBXBuildFile; fileRef = 274FF32E274037BA00D8AC2A /* AppError.swift */; };
		274FF3312741F0BE00D8AC2A /* KeyValueTableView.swift in Sources */ = {isa = PBXBuildFile; fileRef = 274FF3302741F0BE00D8AC2A /* KeyValueTableView.swift */; };
		278394D927389BE600533A28 /* CollectionItem.swift in Sources */ = {isa = PBXBuildFile; fileRef = 278394D827389BE600533A28 /* CollectionItem.swift */; };
		2788FFC72728E3B800F77060 /* ResponseBodyType.swift in Sources */ = {isa = PBXBuildFile; fileRef = 2788FFC62728E3B800F77060 /* ResponseBodyType.swift */; };
		2788FFC92728E83D00F77060 /* ResponseBodyView.swift in Sources */ = {isa = PBXBuildFile; fileRef = 2788FFC82728E83D00F77060 /* ResponseBodyView.swift */; };
		2788FFCB272A34C200F77060 /* Events.swift in Sources */ = {isa = PBXBuildFile; fileRef = 2788FFCA272A34C200F77060 /* Events.swift */; };
		2788FFCD272A354C00F77060 /* AppCommands.swift in Sources */ = {isa = PBXBuildFile; fileRef = 2788FFCC272A354C00F77060 /* AppCommands.swift */; };
		2788FFD1272E1BD200F77060 /* Localizable.strings in Resources */ = {isa = PBXBuildFile; fileRef = 2788FFD0272E1BD200F77060 /* Localizable.strings */; };
		2788FFD3272E285700F77060 /* HTTPResponse.swift in Sources */ = {isa = PBXBuildFile; fileRef = 2788FFD2272E285700F77060 /* HTTPResponse.swift */; };
		27945AB42709179D00F97E78 /* SeracApp.swift in Sources */ = {isa = PBXBuildFile; fileRef = 27945AB32709179D00F97E78 /* SeracApp.swift */; };
		27945AB62709179D00F97E78 /* ContentView.swift in Sources */ = {isa = PBXBuildFile; fileRef = 27945AB52709179D00F97E78 /* ContentView.swift */; };
		27945AB8270917A000F97E78 /* Assets.xcassets in Resources */ = {isa = PBXBuildFile; fileRef = 27945AB7270917A000F97E78 /* Assets.xcassets */; };
		27945ABB270917A000F97E78 /* Preview Assets.xcassets in Resources */ = {isa = PBXBuildFile; fileRef = 27945ABA270917A000F97E78 /* Preview Assets.xcassets */; };
		27945AC32709281700F97E78 /* SyntaxTextView.swift in Sources */ = {isa = PBXBuildFile; fileRef = 27945AC22709281600F97E78 /* SyntaxTextView.swift */; };
		27945AC82709448500F97E78 /* HTTPMethod.swift in Sources */ = {isa = PBXBuildFile; fileRef = 27945AC72709448500F97E78 /* HTTPMethod.swift */; };
		27BB5A3B2724EEA600F26AC7 /* RequestView.swift in Sources */ = {isa = PBXBuildFile; fileRef = 27BB5A3A2724EEA600F26AC7 /* RequestView.swift */; };
		27BB5A3D2725D42400F26AC7 /* RequestBodyType.swift in Sources */ = {isa = PBXBuildFile; fileRef = 27BB5A3C2725D42400F26AC7 /* RequestBodyType.swift */; };
		27BB5A3F272609DC00F26AC7 /* SyntaxAdaptor.swift in Sources */ = {isa = PBXBuildFile; fileRef = 27BB5A3E272609DC00F26AC7 /* SyntaxAdaptor.swift */; };
		27BB5A41272628BD00F26AC7 /* RequestBodyView.swift in Sources */ = {isa = PBXBuildFile; fileRef = 27BB5A40272628BD00F26AC7 /* RequestBodyView.swift */; };
		27BB5A4327262A6A00F26AC7 /* ResponseView.swift in Sources */ = {isa = PBXBuildFile; fileRef = 27BB5A4227262A6A00F26AC7 /* ResponseView.swift */; };
		27BB5A4627262DFF00F26AC7 /* HTTPClient.swift in Sources */ = {isa = PBXBuildFile; fileRef = 27BB5A4527262DFF00F26AC7 /* HTTPClient.swift */; };
		27BB5A4827262E2100F26AC7 /* Request.swift in Sources */ = {isa = PBXBuildFile; fileRef = 27BB5A4727262E2100F26AC7 /* Request.swift */; };
		27BB5A4B27262EC500F26AC7 /* AppState.swift in Sources */ = {isa = PBXBuildFile; fileRef = 27BB5A4A27262EC500F26AC7 /* AppState.swift */; };
		27BB5A4D272631F300F26AC7 /* Response.swift in Sources */ = {isa = PBXBuildFile; fileRef = 27BB5A4C272631F300F26AC7 /* Response.swift */; };
		27BB5A4F272634CF00F26AC7 /* SessionView.swift in Sources */ = {isa = PBXBuildFile; fileRef = 27BB5A4E272634CF00F26AC7 /* SessionView.swift */; };
		27BB5A51272636A500F26AC7 /* SidebarView.swift in Sources */ = {isa = PBXBuildFile; fileRef = 27BB5A50272636A500F26AC7 /* SidebarView.swift */; };
		27BB5A532726381600F26AC7 /* Session.swift in Sources */ = {isa = PBXBuildFile; fileRef = 27BB5A522726381600F26AC7 /* Session.swift */; };
		27C014FA2726416400F693A0 /* CenteredViewModifier.swift in Sources */ = {isa = PBXBuildFile; fileRef = 27C014F92726416400F693A0 /* CenteredViewModifier.swift */; };
		27C014FC2726430400F693A0 /* QueryParameterView.swift in Sources */ = {isa = PBXBuildFile; fileRef = 27C014FB2726430400F693A0 /* QueryParameterView.swift */; };
		27C014FE272645B300F693A0 /* KeyValuePair.swift in Sources */ = {isa = PBXBuildFile; fileRef = 27C014FD272645B300F693A0 /* KeyValuePair.swift */; };
		27C015002726577E00F693A0 /* OperationView.swift in Sources */ = {isa = PBXBuildFile; fileRef = 27C014FF2726577E00F693A0 /* OperationView.swift */; };
		27C015022727999B00F693A0 /* HeadersView.swift in Sources */ = {isa = PBXBuildFile; fileRef = 27C015012727999B00F693A0 /* HeadersView.swift */; };
		27C0150427279B6B00F693A0 /* HTTPMessage.swift in Sources */ = {isa = PBXBuildFile; fileRef = 27C0150327279B6B00F693A0 /* HTTPMessage.swift */; };
/* End PBXBuildFile section */

/* Begin PBXFileReference section */
		274FF30D273C942600D8AC2A /* ActivityView.swift */ = {isa = PBXFileReference; lastKnownFileType = sourcecode.swift; path = ActivityView.swift; sourceTree = "<group>"; };
		274FF30F273CB34C00D8AC2A /* AuthenticationView.swift */ = {isa = PBXFileReference; lastKnownFileType = sourcecode.swift; path = AuthenticationView.swift; sourceTree = "<group>"; };
		274FF311273CB49100D8AC2A /* AuthorizationType.swift */ = {isa = PBXFileReference; lastKnownFileType = sourcecode.swift; path = AuthorizationType.swift; sourceTree = "<group>"; };
		274FF313273CB64F00D8AC2A /* BasicAuthenticationView.swift */ = {isa = PBXFileReference; lastKnownFileType = sourcecode.swift; path = BasicAuthenticationView.swift; sourceTree = "<group>"; };
		274FF315273CB8BE00D8AC2A /* RequestAuthentication.swift */ = {isa = PBXFileReference; lastKnownFileType = sourcecode.swift; path = RequestAuthentication.swift; sourceTree = "<group>"; };
		274FF317273CC6D600D8AC2A /* README.md */ = {isa = PBXFileReference; fileEncoding = 4; lastKnownFileType = net.daringfireball.markdown; path = README.md; sourceTree = "<group>"; };
		274FF31C273D8A6A00D8AC2A /* SecureField.swift */ = {isa = PBXFileReference; lastKnownFileType = sourcecode.swift; path = SecureField.swift; sourceTree = "<group>"; };
		274FF31E273D8AA400D8AC2A /* TextField.swift */ = {isa = PBXFileReference; lastKnownFileType = sourcecode.swift; path = TextField.swift; sourceTree = "<group>"; };
		274FF320273DC41500D8AC2A /* OAuth2AuthenticationView.swift */ = {isa = PBXFileReference; lastKnownFileType = sourcecode.swift; path = OAuth2AuthenticationView.swift; sourceTree = "<group>"; };
		274FF322273DEC8C00D8AC2A /* ResponseErrorView.swift */ = {isa = PBXFileReference; lastKnownFileType = sourcecode.swift; path = ResponseErrorView.swift; sourceTree = "<group>"; };
		274FF324273DEE0100D8AC2A /* String.swift */ = {isa = PBXFileReference; lastKnownFileType = sourcecode.swift; path = String.swift; sourceTree = "<group>"; };
		274FF328273EEDD700D8AC2A /* SplashView.swift */ = {isa = PBXFileReference; lastKnownFileType = sourcecode.swift; path = SplashView.swift; sourceTree = "<group>"; };
		274FF32A273F062C00D8AC2A /* PostmanV21DataManager.swift */ = {isa = PBXFileReference; lastKnownFileType = sourcecode.swift; path = PostmanV21DataManager.swift; sourceTree = "<group>"; };
		274FF32C273F064C00D8AC2A /* DataManager.swift */ = {isa = PBXFileReference; lastKnownFileType = sourcecode.swift; path = DataManager.swift; sourceTree = "<group>"; };
		274FF32E274037BA00D8AC2A /* AppError.swift */ = {isa = PBXFileReference; lastKnownFileType = sourcecode.swift; path = AppError.swift; sourceTree = "<group>"; };
		274FF3302741F0BE00D8AC2A /* KeyValueTableView.swift */ = {isa = PBXFileReference; lastKnownFileType = sourcecode.swift; path = KeyValueTableView.swift; sourceTree = "<group>"; };
		278394D827389BE600533A28 /* CollectionItem.swift */ = {isa = PBXFileReference; lastKnownFileType = sourcecode.swift; path = CollectionItem.swift; sourceTree = "<group>"; };
		2788FFC62728E3B800F77060 /* ResponseBodyType.swift */ = {isa = PBXFileReference; lastKnownFileType = sourcecode.swift; path = ResponseBodyType.swift; sourceTree = "<group>"; };
		2788FFC82728E83D00F77060 /* ResponseBodyView.swift */ = {isa = PBXFileReference; lastKnownFileType = sourcecode.swift; path = ResponseBodyView.swift; sourceTree = "<group>"; };
		2788FFCA272A34C200F77060 /* Events.swift */ = {isa = PBXFileReference; lastKnownFileType = sourcecode.swift; path = Events.swift; sourceTree = "<group>"; };
		2788FFCC272A354C00F77060 /* AppCommands.swift */ = {isa = PBXFileReference; lastKnownFileType = sourcecode.swift; path = AppCommands.swift; sourceTree = "<group>"; };
		2788FFD0272E1BD200F77060 /* Localizable.strings */ = {isa = PBXFileReference; lastKnownFileType = text.plist.strings; path = Localizable.strings; sourceTree = "<group>"; };
		2788FFD2272E285700F77060 /* HTTPResponse.swift */ = {isa = PBXFileReference; lastKnownFileType = sourcecode.swift; path = HTTPResponse.swift; sourceTree = "<group>"; };
		27945AB02709179D00F97E78 /* Serac.app */ = {isa = PBXFileReference; explicitFileType = wrapper.application; includeInIndex = 0; path = Serac.app; sourceTree = BUILT_PRODUCTS_DIR; };
		27945AB32709179D00F97E78 /* SeracApp.swift */ = {isa = PBXFileReference; lastKnownFileType = sourcecode.swift; path = SeracApp.swift; sourceTree = "<group>"; };
		27945AB52709179D00F97E78 /* ContentView.swift */ = {isa = PBXFileReference; lastKnownFileType = sourcecode.swift; path = ContentView.swift; sourceTree = "<group>"; };
		27945AB7270917A000F97E78 /* Assets.xcassets */ = {isa = PBXFileReference; lastKnownFileType = folder.assetcatalog; path = Assets.xcassets; sourceTree = "<group>"; };
		27945ABA270917A000F97E78 /* Preview Assets.xcassets */ = {isa = PBXFileReference; lastKnownFileType = folder.assetcatalog; path = "Preview Assets.xcassets"; sourceTree = "<group>"; };
		27945ABC270917A000F97E78 /* Serac.entitlements */ = {isa = PBXFileReference; lastKnownFileType = text.plist.entitlements; path = Serac.entitlements; sourceTree = "<group>"; };
		27945AC22709281600F97E78 /* SyntaxTextView.swift */ = {isa = PBXFileReference; lastKnownFileType = sourcecode.swift; path = SyntaxTextView.swift; sourceTree = "<group>"; };
		27945AC72709448500F97E78 /* HTTPMethod.swift */ = {isa = PBXFileReference; lastKnownFileType = sourcecode.swift; path = HTTPMethod.swift; sourceTree = "<group>"; };
		27BB5A3A2724EEA600F26AC7 /* RequestView.swift */ = {isa = PBXFileReference; lastKnownFileType = sourcecode.swift; path = RequestView.swift; sourceTree = "<group>"; };
		27BB5A3C2725D42400F26AC7 /* RequestBodyType.swift */ = {isa = PBXFileReference; lastKnownFileType = sourcecode.swift; path = RequestBodyType.swift; sourceTree = "<group>"; };
		27BB5A3E272609DC00F26AC7 /* SyntaxAdaptor.swift */ = {isa = PBXFileReference; lastKnownFileType = sourcecode.swift; path = SyntaxAdaptor.swift; sourceTree = "<group>"; };
		27BB5A40272628BD00F26AC7 /* RequestBodyView.swift */ = {isa = PBXFileReference; lastKnownFileType = sourcecode.swift; path = RequestBodyView.swift; sourceTree = "<group>"; };
		27BB5A4227262A6A00F26AC7 /* ResponseView.swift */ = {isa = PBXFileReference; lastKnownFileType = sourcecode.swift; path = ResponseView.swift; sourceTree = "<group>"; };
		27BB5A4527262DFF00F26AC7 /* HTTPClient.swift */ = {isa = PBXFileReference; lastKnownFileType = sourcecode.swift; path = HTTPClient.swift; sourceTree = "<group>"; };
		27BB5A4727262E2100F26AC7 /* Request.swift */ = {isa = PBXFileReference; lastKnownFileType = sourcecode.swift; path = Request.swift; sourceTree = "<group>"; };
		27BB5A4A27262EC500F26AC7 /* AppState.swift */ = {isa = PBXFileReference; lastKnownFileType = sourcecode.swift; path = AppState.swift; sourceTree = "<group>"; };
		27BB5A4C272631F300F26AC7 /* Response.swift */ = {isa = PBXFileReference; lastKnownFileType = sourcecode.swift; path = Response.swift; sourceTree = "<group>"; };
		27BB5A4E272634CF00F26AC7 /* SessionView.swift */ = {isa = PBXFileReference; lastKnownFileType = sourcecode.swift; path = SessionView.swift; sourceTree = "<group>"; };
		27BB5A50272636A500F26AC7 /* SidebarView.swift */ = {isa = PBXFileReference; lastKnownFileType = sourcecode.swift; path = SidebarView.swift; sourceTree = "<group>"; };
		27BB5A522726381600F26AC7 /* Session.swift */ = {isa = PBXFileReference; lastKnownFileType = sourcecode.swift; path = Session.swift; sourceTree = "<group>"; };
		27C014F92726416400F693A0 /* CenteredViewModifier.swift */ = {isa = PBXFileReference; lastKnownFileType = sourcecode.swift; path = CenteredViewModifier.swift; sourceTree = "<group>"; };
		27C014FB2726430400F693A0 /* QueryParameterView.swift */ = {isa = PBXFileReference; lastKnownFileType = sourcecode.swift; path = QueryParameterView.swift; sourceTree = "<group>"; };
		27C014FD272645B300F693A0 /* KeyValuePair.swift */ = {isa = PBXFileReference; lastKnownFileType = sourcecode.swift; path = KeyValuePair.swift; sourceTree = "<group>"; };
		27C014FF2726577E00F693A0 /* OperationView.swift */ = {isa = PBXFileReference; lastKnownFileType = sourcecode.swift; path = OperationView.swift; sourceTree = "<group>"; };
		27C015012727999B00F693A0 /* HeadersView.swift */ = {isa = PBXFileReference; lastKnownFileType = sourcecode.swift; path = HeadersView.swift; sourceTree = "<group>"; };
		27C0150327279B6B00F693A0 /* HTTPMessage.swift */ = {isa = PBXFileReference; lastKnownFileType = sourcecode.swift; path = HTTPMessage.swift; sourceTree = "<group>"; };
/* End PBXFileReference section */

/* Begin PBXFrameworksBuildPhase section */
		27945AAD2709179D00F97E78 /* Frameworks */ = {
			isa = PBXFrameworksBuildPhase;
			buildActionMask = 2147483647;
			files = (
			);
			runOnlyForDeploymentPostprocessing = 0;
		};
/* End PBXFrameworksBuildPhase section */

/* Begin PBXGroup section */
		274FF31B273D8A6000D8AC2A /* Extensions */ = {
			isa = PBXGroup;
			children = (
				274FF31C273D8A6A00D8AC2A /* SecureField.swift */,
				274FF31E273D8AA400D8AC2A /* TextField.swift */,
				274FF324273DEE0100D8AC2A /* String.swift */,
			);
			path = Extensions;
			sourceTree = "<group>";
		};
		27945AA72709179D00F97E78 = {
			isa = PBXGroup;
			children = (
				27945AB12709179D00F97E78 /* Products */,
				274FF317273CC6D600D8AC2A /* README.md */,
				27945AB22709179D00F97E78 /* Serac */,
			);
			sourceTree = "<group>";
		};
		27945AB12709179D00F97E78 /* Products */ = {
			isa = PBXGroup;
			children = (
				27945AB02709179D00F97E78 /* Serac.app */,
			);
			name = Products;
			sourceTree = "<group>";
		};
		27945AB22709179D00F97E78 /* Serac */ = {
			isa = PBXGroup;
			children = (
				27945ABC270917A000F97E78 /* Serac.entitlements */,
				2788FFD0272E1BD200F77060 /* Localizable.strings */,
				27945AB7270917A000F97E78 /* Assets.xcassets */,
				274FF31B273D8A6000D8AC2A /* Extensions */,
				27945AC62709447900F97E78 /* Models */,
				27C014F82726415600F693A0 /* Modifiers */,
				27945AB9270917A000F97E78 /* Preview Content */,
				27BB5A4427262DAA00F26AC7 /* Services */,
				27945AC52709447400F97E78 /* System */,
				27945AC42709446D00F97E78 /* Views */,
			);
			path = Serac;
			sourceTree = "<group>";
		};
		27945AB9270917A000F97E78 /* Preview Content */ = {
			isa = PBXGroup;
			children = (
				27945ABA270917A000F97E78 /* Preview Assets.xcassets */,
			);
			path = "Preview Content";
			sourceTree = "<group>";
		};
		27945AC42709446D00F97E78 /* Views */ = {
			isa = PBXGroup;
			children = (
				274FF30D273C942600D8AC2A /* ActivityView.swift */,
				274FF30F273CB34C00D8AC2A /* AuthenticationView.swift */,
				274FF313273CB64F00D8AC2A /* BasicAuthenticationView.swift */,
				27945AB52709179D00F97E78 /* ContentView.swift */,
				27C015012727999B00F693A0 /* HeadersView.swift */,
				274FF3302741F0BE00D8AC2A /* KeyValueTableView.swift */,
				274FF320273DC41500D8AC2A /* OAuth2AuthenticationView.swift */,
				27C014FF2726577E00F693A0 /* OperationView.swift */,
				27C014FB2726430400F693A0 /* QueryParameterView.swift */,
				27BB5A40272628BD00F26AC7 /* RequestBodyView.swift */,
				27BB5A3A2724EEA600F26AC7 /* RequestView.swift */,
				2788FFC82728E83D00F77060 /* ResponseBodyView.swift */,
				274FF322273DEC8C00D8AC2A /* ResponseErrorView.swift */,
				27BB5A4227262A6A00F26AC7 /* ResponseView.swift */,
				27BB5A4E272634CF00F26AC7 /* SessionView.swift */,
				27BB5A50272636A500F26AC7 /* SidebarView.swift */,
				274FF328273EEDD700D8AC2A /* SplashView.swift */,
				27945AC22709281600F97E78 /* SyntaxTextView.swift */,
			);
			path = Views;
			sourceTree = "<group>";
		};
		27945AC52709447400F97E78 /* System */ = {
			isa = PBXGroup;
			children = (
				2788FFCC272A354C00F77060 /* AppCommands.swift */,
				2788FFCA272A34C200F77060 /* Events.swift */,
				27945AB32709179D00F97E78 /* SeracApp.swift */,
			);
			path = System;
			sourceTree = "<group>";
		};
		27945AC62709447900F97E78 /* Models */ = {
			isa = PBXGroup;
			children = (
				274FF32E274037BA00D8AC2A /* AppError.swift */,
				27BB5A4A27262EC500F26AC7 /* AppState.swift */,
				274FF311273CB49100D8AC2A /* AuthorizationType.swift */,
				278394D827389BE600533A28 /* CollectionItem.swift */,
				27C0150327279B6B00F693A0 /* HTTPMessage.swift */,
				27945AC72709448500F97E78 /* HTTPMethod.swift */,
				2788FFD2272E285700F77060 /* HTTPResponse.swift */,
				27C014FD272645B300F693A0 /* KeyValuePair.swift */,
				27BB5A4727262E2100F26AC7 /* Request.swift */,
				274FF315273CB8BE00D8AC2A /* RequestAuthentication.swift */,
				27BB5A3C2725D42400F26AC7 /* RequestBodyType.swift */,
				27BB5A4C272631F300F26AC7 /* Response.swift */,
				2788FFC62728E3B800F77060 /* ResponseBodyType.swift */,
				27BB5A522726381600F26AC7 /* Session.swift */,
			);
			path = Models;
			sourceTree = "<group>";
		};
		27BB5A4427262DAA00F26AC7 /* Services */ = {
			isa = PBXGroup;
			children = (
				274FF32C273F064C00D8AC2A /* DataManager.swift */,
				27BB5A4527262DFF00F26AC7 /* HTTPClient.swift */,
				274FF32A273F062C00D8AC2A /* PostmanV21DataManager.swift */,
				27BB5A3E272609DC00F26AC7 /* SyntaxAdaptor.swift */,
			);
			path = Services;
			sourceTree = "<group>";
		};
		27C014F82726415600F693A0 /* Modifiers */ = {
			isa = PBXGroup;
			children = (
				27C014F92726416400F693A0 /* CenteredViewModifier.swift */,
			);
			path = Modifiers;
			sourceTree = "<group>";
		};
/* End PBXGroup section */

/* Begin PBXNativeTarget section */
		27945AAF2709179D00F97E78 /* Serac */ = {
			isa = PBXNativeTarget;
			buildConfigurationList = 27945ABF270917A000F97E78 /* Build configuration list for PBXNativeTarget "Serac" */;
			buildPhases = (
				27945AAC2709179D00F97E78 /* Sources */,
				27945AAD2709179D00F97E78 /* Frameworks */,
				27945AAE2709179D00F97E78 /* Resources */,
			);
			buildRules = (
			);
			dependencies = (
			);
			name = Serac;
			productName = Serac;
			productReference = 27945AB02709179D00F97E78 /* Serac.app */;
			productType = "com.apple.product-type.application";
		};
/* End PBXNativeTarget section */

/* Begin PBXProject section */
		27945AA82709179D00F97E78 /* Project object */ = {
			isa = PBXProject;
			attributes = {
				BuildIndependentTargetsInParallel = 1;
				LastSwiftUpdateCheck = 1300;
				LastUpgradeCheck = 1300;
				TargetAttributes = {
					27945AAF2709179D00F97E78 = {
						CreatedOnToolsVersion = 13.0;
					};
				};
			};
			buildConfigurationList = 27945AAB2709179D00F97E78 /* Build configuration list for PBXProject "Serac" */;
			compatibilityVersion = "Xcode 13.0";
			developmentRegion = en;
			hasScannedForEncodings = 0;
			knownRegions = (
				en,
				Base,
			);
			mainGroup = 27945AA72709179D00F97E78;
			productRefGroup = 27945AB12709179D00F97E78 /* Products */;
			projectDirPath = "";
			projectRoot = "";
			targets = (
				27945AAF2709179D00F97E78 /* Serac */,
			);
		};
/* End PBXProject section */

/* Begin PBXResourcesBuildPhase section */
		27945AAE2709179D00F97E78 /* Resources */ = {
			isa = PBXResourcesBuildPhase;
			buildActionMask = 2147483647;
			files = (
				27945ABB270917A000F97E78 /* Preview Assets.xcassets in Resources */,
				2788FFD1272E1BD200F77060 /* Localizable.strings in Resources */,
				274FF318273CC6D600D8AC2A /* README.md in Resources */,
				27945AB8270917A000F97E78 /* Assets.xcassets in Resources */,
			);
			runOnlyForDeploymentPostprocessing = 0;
		};
/* End PBXResourcesBuildPhase section */

/* Begin PBXSourcesBuildPhase section */
		27945AAC2709179D00F97E78 /* Sources */ = {
			isa = PBXSourcesBuildPhase;
			buildActionMask = 2147483647;
			files = (
				274FF32B273F062C00D8AC2A /* PostmanV21DataManager.swift in Sources */,
				274FF325273DEE0100D8AC2A /* String.swift in Sources */,
				27BB5A3F272609DC00F26AC7 /* SyntaxAdaptor.swift in Sources */,
				27BB5A41272628BD00F26AC7 /* RequestBodyView.swift in Sources */,
				27C015002726577E00F693A0 /* OperationView.swift in Sources */,
				27BB5A51272636A500F26AC7 /* SidebarView.swift in Sources */,
				2788FFCB272A34C200F77060 /* Events.swift in Sources */,
				2788FFCD272A354C00F77060 /* AppCommands.swift in Sources */,
				27945AC82709448500F97E78 /* HTTPMethod.swift in Sources */,
				274FF329273EEDD700D8AC2A /* SplashView.swift in Sources */,
				27C015022727999B00F693A0 /* HeadersView.swift in Sources */,
				274FF310273CB34C00D8AC2A /* AuthenticationView.swift in Sources */,
				27BB5A4B27262EC500F26AC7 /* AppState.swift in Sources */,
				27BB5A3B2724EEA600F26AC7 /* RequestView.swift in Sources */,
				27BB5A4827262E2100F26AC7 /* Request.swift in Sources */,
				27BB5A4D272631F300F26AC7 /* Response.swift in Sources */,
				27BB5A4F272634CF00F26AC7 /* SessionView.swift in Sources */,
				274FF31F273D8AA400D8AC2A /* TextField.swift in Sources */,
				27C0150427279B6B00F693A0 /* HTTPMessage.swift in Sources */,
				278394D927389BE600533A28 /* CollectionItem.swift in Sources */,
				274FF32F274037BA00D8AC2A /* AppError.swift in Sources */,
				27BB5A4327262A6A00F26AC7 /* ResponseView.swift in Sources */,
				2788FFD3272E285700F77060 /* HTTPResponse.swift in Sources */,
				274FF30E273C942700D8AC2A /* ActivityView.swift in Sources */,
				27945AB62709179D00F97E78 /* ContentView.swift in Sources */,
				27BB5A4627262DFF00F26AC7 /* HTTPClient.swift in Sources */,
				274FF316273CB8BE00D8AC2A /* RequestAuthentication.swift in Sources */,
				274FF314273CB64F00D8AC2A /* BasicAuthenticationView.swift in Sources */,
				27BB5A532726381600F26AC7 /* Session.swift in Sources */,
				27C014FC2726430400F693A0 /* QueryParameterView.swift in Sources */,
				2788FFC92728E83D00F77060 /* ResponseBodyView.swift in Sources */,
				274FF321273DC41500D8AC2A /* OAuth2AuthenticationView.swift in Sources */,
				274FF3312741F0BE00D8AC2A /* KeyValueTableView.swift in Sources */,
				27BB5A3D2725D42400F26AC7 /* RequestBodyType.swift in Sources */,
				2788FFC72728E3B800F77060 /* ResponseBodyType.swift in Sources */,
				27C014FA2726416400F693A0 /* CenteredViewModifier.swift in Sources */,
				274FF31D273D8A6A00D8AC2A /* SecureField.swift in Sources */,
				27945AC32709281700F97E78 /* SyntaxTextView.swift in Sources */,
				27945AB42709179D00F97E78 /* SeracApp.swift in Sources */,
				274FF32D273F064C00D8AC2A /* DataManager.swift in Sources */,
				274FF323273DEC8C00D8AC2A /* ResponseErrorView.swift in Sources */,
				27C014FE272645B300F693A0 /* KeyValuePair.swift in Sources */,
				274FF312273CB49100D8AC2A /* AuthorizationType.swift in Sources */,
			);
			runOnlyForDeploymentPostprocessing = 0;
		};
/* End PBXSourcesBuildPhase section */

/* Begin XCBuildConfiguration section */
		27945ABD270917A000F97E78 /* Debug */ = {
			isa = XCBuildConfiguration;
			buildSettings = {
				ALWAYS_SEARCH_USER_PATHS = NO;
				CLANG_ANALYZER_NONNULL = YES;
				CLANG_ANALYZER_NUMBER_OBJECT_CONVERSION = YES_AGGRESSIVE;
				CLANG_CXX_LANGUAGE_STANDARD = "gnu++17";
				CLANG_CXX_LIBRARY = "libc++";
				CLANG_ENABLE_MODULES = YES;
				CLANG_ENABLE_OBJC_ARC = YES;
				CLANG_ENABLE_OBJC_WEAK = YES;
				CLANG_WARN_BLOCK_CAPTURE_AUTORELEASING = YES;
				CLANG_WARN_BOOL_CONVERSION = YES;
				CLANG_WARN_COMMA = YES;
				CLANG_WARN_CONSTANT_CONVERSION = YES;
				CLANG_WARN_DEPRECATED_OBJC_IMPLEMENTATIONS = YES;
				CLANG_WARN_DIRECT_OBJC_ISA_USAGE = YES_ERROR;
				CLANG_WARN_DOCUMENTATION_COMMENTS = YES;
				CLANG_WARN_EMPTY_BODY = YES;
				CLANG_WARN_ENUM_CONVERSION = YES;
				CLANG_WARN_INFINITE_RECURSION = YES;
				CLANG_WARN_INT_CONVERSION = YES;
				CLANG_WARN_NON_LITERAL_NULL_CONVERSION = YES;
				CLANG_WARN_OBJC_IMPLICIT_RETAIN_SELF = YES;
				CLANG_WARN_OBJC_LITERAL_CONVERSION = YES;
				CLANG_WARN_OBJC_ROOT_CLASS = YES_ERROR;
				CLANG_WARN_QUOTED_INCLUDE_IN_FRAMEWORK_HEADER = YES;
				CLANG_WARN_RANGE_LOOP_ANALYSIS = YES;
				CLANG_WARN_STRICT_PROTOTYPES = YES;
				CLANG_WARN_SUSPICIOUS_MOVE = YES;
				CLANG_WARN_UNGUARDED_AVAILABILITY = YES_AGGRESSIVE;
				CLANG_WARN_UNREACHABLE_CODE = YES;
				CLANG_WARN__DUPLICATE_METHOD_MATCH = YES;
				COPY_PHASE_STRIP = NO;
				DEBUG_INFORMATION_FORMAT = dwarf;
				ENABLE_STRICT_OBJC_MSGSEND = YES;
				ENABLE_TESTABILITY = YES;
				GCC_C_LANGUAGE_STANDARD = gnu11;
				GCC_DYNAMIC_NO_PIC = NO;
				GCC_NO_COMMON_BLOCKS = YES;
				GCC_OPTIMIZATION_LEVEL = 0;
				GCC_PREPROCESSOR_DEFINITIONS = (
					"DEBUG=1",
					"$(inherited)",
				);
				GCC_WARN_64_TO_32_BIT_CONVERSION = YES;
				GCC_WARN_ABOUT_RETURN_TYPE = YES_ERROR;
				GCC_WARN_UNDECLARED_SELECTOR = YES;
				GCC_WARN_UNINITIALIZED_AUTOS = YES_AGGRESSIVE;
				GCC_WARN_UNUSED_FUNCTION = YES;
				GCC_WARN_UNUSED_VARIABLE = YES;
				MACOSX_DEPLOYMENT_TARGET = 11.3;
				MTL_ENABLE_DEBUG_INFO = INCLUDE_SOURCE;
				MTL_FAST_MATH = YES;
				ONLY_ACTIVE_ARCH = YES;
				SDKROOT = macosx;
				SWIFT_ACTIVE_COMPILATION_CONDITIONS = DEBUG;
				SWIFT_OPTIMIZATION_LEVEL = "-Onone";
			};
			name = Debug;
		};
		27945ABE270917A000F97E78 /* Release */ = {
			isa = XCBuildConfiguration;
			buildSettings = {
				ALWAYS_SEARCH_USER_PATHS = NO;
				CLANG_ANALYZER_NONNULL = YES;
				CLANG_ANALYZER_NUMBER_OBJECT_CONVERSION = YES_AGGRESSIVE;
				CLANG_CXX_LANGUAGE_STANDARD = "gnu++17";
				CLANG_CXX_LIBRARY = "libc++";
				CLANG_ENABLE_MODULES = YES;
				CLANG_ENABLE_OBJC_ARC = YES;
				CLANG_ENABLE_OBJC_WEAK = YES;
				CLANG_WARN_BLOCK_CAPTURE_AUTORELEASING = YES;
				CLANG_WARN_BOOL_CONVERSION = YES;
				CLANG_WARN_COMMA = YES;
				CLANG_WARN_CONSTANT_CONVERSION = YES;
				CLANG_WARN_DEPRECATED_OBJC_IMPLEMENTATIONS = YES;
				CLANG_WARN_DIRECT_OBJC_ISA_USAGE = YES_ERROR;
				CLANG_WARN_DOCUMENTATION_COMMENTS = YES;
				CLANG_WARN_EMPTY_BODY = YES;
				CLANG_WARN_ENUM_CONVERSION = YES;
				CLANG_WARN_INFINITE_RECURSION = YES;
				CLANG_WARN_INT_CONVERSION = YES;
				CLANG_WARN_NON_LITERAL_NULL_CONVERSION = YES;
				CLANG_WARN_OBJC_IMPLICIT_RETAIN_SELF = YES;
				CLANG_WARN_OBJC_LITERAL_CONVERSION = YES;
				CLANG_WARN_OBJC_ROOT_CLASS = YES_ERROR;
				CLANG_WARN_QUOTED_INCLUDE_IN_FRAMEWORK_HEADER = YES;
				CLANG_WARN_RANGE_LOOP_ANALYSIS = YES;
				CLANG_WARN_STRICT_PROTOTYPES = YES;
				CLANG_WARN_SUSPICIOUS_MOVE = YES;
				CLANG_WARN_UNGUARDED_AVAILABILITY = YES_AGGRESSIVE;
				CLANG_WARN_UNREACHABLE_CODE = YES;
				CLANG_WARN__DUPLICATE_METHOD_MATCH = YES;
				COPY_PHASE_STRIP = NO;
				DEBUG_INFORMATION_FORMAT = "dwarf-with-dsym";
				ENABLE_NS_ASSERTIONS = NO;
				ENABLE_STRICT_OBJC_MSGSEND = YES;
				GCC_C_LANGUAGE_STANDARD = gnu11;
				GCC_NO_COMMON_BLOCKS = YES;
				GCC_WARN_64_TO_32_BIT_CONVERSION = YES;
				GCC_WARN_ABOUT_RETURN_TYPE = YES_ERROR;
				GCC_WARN_UNDECLARED_SELECTOR = YES;
				GCC_WARN_UNINITIALIZED_AUTOS = YES_AGGRESSIVE;
				GCC_WARN_UNUSED_FUNCTION = YES;
				GCC_WARN_UNUSED_VARIABLE = YES;
				MACOSX_DEPLOYMENT_TARGET = 11.3;
				MTL_ENABLE_DEBUG_INFO = NO;
				MTL_FAST_MATH = YES;
				SDKROOT = macosx;
				SWIFT_COMPILATION_MODE = wholemodule;
				SWIFT_OPTIMIZATION_LEVEL = "-O";
			};
			name = Release;
		};
		27945AC0270917A000F97E78 /* Debug */ = {
			isa = XCBuildConfiguration;
			buildSettings = {
				ASSETCATALOG_COMPILER_APPICON_NAME = AppIcon;
				ASSETCATALOG_COMPILER_GLOBAL_ACCENT_COLOR_NAME = AccentColor;
				CODE_SIGN_ENTITLEMENTS = Serac/Serac.entitlements;
				CODE_SIGN_STYLE = Automatic;
				COMBINE_HIDPI_IMAGES = YES;
				CURRENT_PROJECT_VERSION = 1;
				DEVELOPMENT_ASSET_PATHS = "\"Serac/Preview Content\"";
				ENABLE_PREVIEWS = YES;
				GENERATE_INFOPLIST_FILE = YES;
				INFOPLIST_KEY_NSHumanReadableCopyright = "";
				LD_RUNPATH_SEARCH_PATHS = (
					"$(inherited)",
					"@executable_path/../Frameworks",
				);
				MACOSX_DEPLOYMENT_TARGET = 11.5;
				MARKETING_VERSION = 1.0;
				PRODUCT_BUNDLE_IDENTIFIER = com.mbpolan.Serac;
				PRODUCT_NAME = "$(TARGET_NAME)";
				SWIFT_EMIT_LOC_STRINGS = YES;
				SWIFT_VERSION = 5.0;
			};
			name = Debug;
		};
		27945AC1270917A000F97E78 /* Release */ = {
			isa = XCBuildConfiguration;
			buildSettings = {
				ASSETCATALOG_COMPILER_APPICON_NAME = AppIcon;
				ASSETCATALOG_COMPILER_GLOBAL_ACCENT_COLOR_NAME = AccentColor;
				CODE_SIGN_ENTITLEMENTS = Serac/Serac.entitlements;
				CODE_SIGN_STYLE = Automatic;
				COMBINE_HIDPI_IMAGES = YES;
				CURRENT_PROJECT_VERSION = 1;
				DEVELOPMENT_ASSET_PATHS = "\"Serac/Preview Content\"";
				ENABLE_PREVIEWS = YES;
				GENERATE_INFOPLIST_FILE = YES;
				INFOPLIST_KEY_NSHumanReadableCopyright = "";
				LD_RUNPATH_SEARCH_PATHS = (
					"$(inherited)",
					"@executable_path/../Frameworks",
				);
				MACOSX_DEPLOYMENT_TARGET = 11.5;
				MARKETING_VERSION = 1.0;
				PRODUCT_BUNDLE_IDENTIFIER = com.mbpolan.Serac;
				PRODUCT_NAME = "$(TARGET_NAME)";
				SWIFT_EMIT_LOC_STRINGS = YES;
				SWIFT_VERSION = 5.0;
			};
			name = Release;
		};
/* End XCBuildConfiguration section */

/* Begin XCConfigurationList section */
		27945AAB2709179D00F97E78 /* Build configuration list for PBXProject "Serac" */ = {
			isa = XCConfigurationList;
			buildConfigurations = (
				27945ABD270917A000F97E78 /* Debug */,
				27945ABE270917A000F97E78 /* Release */,
			);
			defaultConfigurationIsVisible = 0;
			defaultConfigurationName = Release;
		};
		27945ABF270917A000F97E78 /* Build configuration list for PBXNativeTarget "Serac" */ = {
			isa = XCConfigurationList;
			buildConfigurations = (
				27945AC0270917A000F97E78 /* Debug */,
				27945AC1270917A000F97E78 /* Release */,
			);
			defaultConfigurationIsVisible = 0;
			defaultConfigurationName = Release;
		};
/* End XCConfigurationList section */
	};
	rootObject = 27945AA82709179D00F97E78 /* Project object */;
}
